<?xml version="1.0" encoding="utf-8"?>
<Project ToolsVersion="4.0" xmlns="http://schemas.microsoft.com/developer/msbuild/2003">
  <ItemGroup>
    <Filter Include="Resource Files">
      <UniqueIdentifier>{67DA6AB6-F800-4c08-8B7A-83BB121AAD01}</UniqueIdentifier>
      <Extensions>rc;ico;cur;bmp;dlg;rc2;rct;bin;rgs;gif;jpg;jpeg;jpe;resx;tiff;tif;png;wav;mfcribbon-ms</Extensions>
    </Filter>
    <Filter Include="Source">
      <UniqueIdentifier>{9d726bd8-d931-4ce4-891a-7e24031fe76f}</UniqueIdentifier>
    </Filter>
    <Filter Include="Source\Interfaces">
      <UniqueIdentifier>{15028e95-c5c8-437c-8547-36224ba025fd}</UniqueIdentifier>
    </Filter>
  </ItemGroup>
  <ItemGroup>
    <ClInclude Include="Source\Amilla\Interfaces\IResettable.hpp">
      <Filter>Source\Interfaces</Filter>
    </ClInclude>
    <ClInclude Include="Source\Amilla\Interfaces\IEmulator.hpp">
      <Filter>Source\Interfaces</Filter>
    </ClInclude>
    <ClInclude Include="Source\Amilla\Interfaces\IEmulatorShell.hpp">
      <Filter>Source\Interfaces</Filter>
    </ClInclude>
  </ItemGroup>
</Project>