<?xml version="1.0" encoding="utf-8"?>
<Project ToolsVersion="4.0" xmlns="http://schemas.microsoft.com/developer/msbuild/2003">
  <ItemGroup>
    <Filter Include="Resource Files">
      <UniqueIdentifier>{67DA6AB6-F800-4c08-8B7A-83BB121AAD01}</UniqueIdentifier>
      <Extensions>rc;ico;cur;bmp;dlg;rc2;rct;bin;rgs;gif;jpg;jpeg;jpe;resx;tiff;tif;png;wav;mfcribbon-ms</Extensions>
    </Filter>
    <Filter Include="Source">
      <UniqueIdentifier>{54eba7db-d4ae-475a-9988-420eb1af31b1}</UniqueIdentifier>
    </Filter>
  </ItemGroup>
  <ItemGroup>
    <ClCompile Include="Source\Main.cpp">
      <Filter>Source</Filter>
    </ClCompile>
    <ClCompile Include="Source\Interpreter.cpp">
      <Filter>Source</Filter>
    </ClCompile>
    <ClCompile Include="Source\State.cpp">
      <Filter>Source</Filter>
    </ClCompile>
    <ClCompile Include="Source\Display.cpp">
      <Filter>Source</Filter>
    </ClCompile>
    <ClCompile Include="Source\Storage.cpp">
      <Filter>Source</Filter>
    </ClCompile>
    <ClCompile Include="Source\InterpreterSFML.cpp">
      <Filter>Source</Filter>
    </ClCompile>
  </ItemGroup>
  <ItemGroup>
    <ClInclude Include="Source\Interpreter.hpp">
      <Filter>Source</Filter>
    </ClInclude>
    <ClInclude Include="Source\State.hpp">
      <Filter>Source</Filter>
    </ClInclude>
    <ClInclude Include="Source\Display.hpp">
      <Filter>Source</Filter>
    </ClInclude>
    <ClInclude Include="Source\Storage.hpp">
      <Filter>Source</Filter>
    </ClInclude>
    <ClInclude Include="Source\IResettable.hpp">
      <Filter>Source</Filter>
    </ClInclude>
    <ClInclude Include="Source\IInterpreterShell.hpp">
      <Filter>Source</Filter>
    </ClInclude>
    <ClInclude Include="Source\InterpreterSFML.hpp">
      <Filter>Source</Filter>
    </ClInclude>
    <ClInclude Include="Source\IInterpreter.hpp">
      <Filter>Source</Filter>
    </ClInclude>
  </ItemGroup>
</Project>